
Microsoft Visual Studio Solution File, Format Version 12.00
# Visual Studio Version 16
VisualStudioVersion = 16.0.30523.141
MinimumVisualStudioVersion = 10.0.40219.1
Project("{8BC9CEB8-8B4A-11D0-8D11-00A0C91BC942}") = "juez2021", "juez2021\juez2021.vcxproj", "{1C323848-2CD2-4622-9073-3665C9A86C41}"
EndProject
Project("{8BC9CEB8-8B4A-11D0-8D11-00A0C91BC942}") = "DuplicaEntrada", "DuplicaEntrada\DuplicaEntrada.vcxproj", "{BA6E267F-D61F-48B1-B35F-203D7F23E90E}"
EndProject
Project("{8BC9CEB8-8B4A-11D0-8D11-00A0C91BC942}") = "Duplica2", "Duplica2\Duplica2.vcxproj", "{E37A0B70-34EF-4662-B4D9-CAAA916FC693}"
EndProject
Project("{8BC9CEB8-8B4A-11D0-8D11-00A0C91BC942}") = "Dalton", "Dalton\Dalton.vcxproj", "{1C5FAD09-E760-4D41-A1C6-756CDC36A206}"
EndProject
Project("{8BC9CEB8-8B4A-11D0-8D11-00A0C91BC942}") = "Anagramas", "Anagramas\Anagramas.vcxproj", "{BD849915-2F11-4895-8DA5-BDC38BE604B6}"
EndProject
Project("{8BC9CEB8-8B4A-11D0-8D11-00A0C91BC942}") = "Temperaturas", "Temperaturas\Temperaturas.vcxproj", "{B1AA37DA-E15A-4AE0-A75C-7C77E6D9591F}"
EndProject
Project("{8BC9CEB8-8B4A-11D0-8D11-00A0C91BC942}") = "VectorDividido", "VectorDividido\VectorDividido.vcxproj", "{9CC804B0-5952-4AEB-AF69-D0E70AA429DE}"
EndProject
Project("{8BC9CEB8-8B4A-11D0-8D11-00A0C91BC942}") = "DigitosComplementarios", "DigitosComplementarios\DigitosComplementarios.vcxproj", "{AE3F845F-F4B3-4FEF-97A6-154A6E4D685B}"
EndProject
Project("{8BC9CEB8-8B4A-11D0-8D11-00A0C91BC942}") = "ParcialOrdenado", "ParcialOrdenado\ParcialOrdenado.vcxproj", "{24C883C5-DBB0-4541-BD18-D27E76782254}"
EndProject
Project("{8BC9CEB8-8B4A-11D0-8D11-00A0C91BC942}") = "SuficienteDisperso", "SuficienteDisperso\SuficienteDisperso.vcxproj", "{7C2441E6-3EAC-4E75-A4B5-48AD8F5410D5}"
EndProject
Project("{8BC9CEB8-8B4A-11D0-8D11-00A0C91BC942}") = "Apuntes", "Apuntes\Apuntes.vcxproj", "{B2E3256F-70B5-401C-A7B5-A85D24491E04}"
EndProject
Project("{8BC9CEB8-8B4A-11D0-8D11-00A0C91BC942}") = "ElementoPerdido", "ElementoPerdido\ElementoPerdido.vcxproj", "{01096BC9-FE0A-42FF-AB54-EB9F558A0107}"
EndProject
Project("{8BC9CEB8-8B4A-11D0-8D11-00A0C91BC942}") = "GenerarVariaciones", "GenerarVariaciones\GenerarVariaciones.vcxproj", "{43FB06B7-367C-4609-85AD-981BB6207BF0}"
EndProject
Project("{8BC9CEB8-8B4A-11D0-8D11-00A0C91BC942}") = "Concierto317", "Concierto317\Concierto317.vcxproj", "{B53942D3-FBB0-45C5-9D94-91EBB8200056}"
EndProject
Project("{8BC9CEB8-8B4A-11D0-8D11-00A0C91BC942}") = "NumerosFelices", "NumerosFelices\NumerosFelices.vcxproj", "{B2F38C00-9C7A-4FF3-B5C0-FDE3636A4BF6}"
EndProject
Project("{8BC9CEB8-8B4A-11D0-8D11-00A0C91BC942}") = "HoraTren", "HoraTren\HoraTren.vcxproj", "{2C8AF3D5-DDEA-4178-A17F-13CF750E5773}"
EndProject
Project("{8BC9CEB8-8B4A-11D0-8D11-00A0C91BC942}") = "KMenoresSet", "KMenoresSet\KMenoresSet.vcxproj", "{0B470D29-E1C3-4D82-A8BB-6B2024AD085F}"
EndProject
Project("{8BC9CEB8-8B4A-11D0-8D11-00A0C91BC942}") = "MenorQueSet", "MenorQueSet\MenorQueSet.vcxproj", "{FC1425FD-D137-4AF1-AA27-363E1D298205}"
EndProject
Project("{8BC9CEB8-8B4A-11D0-8D11-00A0C91BC942}") = "ParentesisEquilibrados", "ParentesisEquilibrados\ParentesisEquilibrados.vcxproj", "{46EC1B36-6E1E-4573-86EC-FBE08902E034}"
EndProject
Project("{8BC9CEB8-8B4A-11D0-8D11-00A0C91BC942}") = "ReordenCola", "ReordenCola\ReordenCola.vcxproj", "{B1D39551-F779-468E-B15F-0E62AA457800}"
EndProject
Global
	GlobalSection(SolutionConfigurationPlatforms) = preSolution
		Debug|x64 = Debug|x64
		Debug|x86 = Debug|x86
		Release|x64 = Release|x64
		Release|x86 = Release|x86
	EndGlobalSection
	GlobalSection(ProjectConfigurationPlatforms) = postSolution
		{1C323848-2CD2-4622-9073-3665C9A86C41}.Debug|x64.ActiveCfg = Debug|x64
		{1C323848-2CD2-4622-9073-3665C9A86C41}.Debug|x64.Build.0 = Debug|x64
		{1C323848-2CD2-4622-9073-3665C9A86C41}.Debug|x86.ActiveCfg = Debug|Win32
		{1C323848-2CD2-4622-9073-3665C9A86C41}.Debug|x86.Build.0 = Debug|Win32
		{1C323848-2CD2-4622-9073-3665C9A86C41}.Release|x64.ActiveCfg = Release|x64
		{1C323848-2CD2-4622-9073-3665C9A86C41}.Release|x64.Build.0 = Release|x64
		{1C323848-2CD2-4622-9073-3665C9A86C41}.Release|x86.ActiveCfg = Release|Win32
		{1C323848-2CD2-4622-9073-3665C9A86C41}.Release|x86.Build.0 = Release|Win32
		{BA6E267F-D61F-48B1-B35F-203D7F23E90E}.Debug|x64.ActiveCfg = Debug|x64
		{BA6E267F-D61F-48B1-B35F-203D7F23E90E}.Debug|x64.Build.0 = Debug|x64
		{BA6E267F-D61F-48B1-B35F-203D7F23E90E}.Debug|x86.ActiveCfg = Debug|Win32
		{BA6E267F-D61F-48B1-B35F-203D7F23E90E}.Debug|x86.Build.0 = Debug|Win32
		{BA6E267F-D61F-48B1-B35F-203D7F23E90E}.Release|x64.ActiveCfg = Release|x64
		{BA6E267F-D61F-48B1-B35F-203D7F23E90E}.Release|x64.Build.0 = Release|x64
		{BA6E267F-D61F-48B1-B35F-203D7F23E90E}.Release|x86.ActiveCfg = Release|Win32
		{BA6E267F-D61F-48B1-B35F-203D7F23E90E}.Release|x86.Build.0 = Release|Win32
		{E37A0B70-34EF-4662-B4D9-CAAA916FC693}.Debug|x64.ActiveCfg = Debug|x64
		{E37A0B70-34EF-4662-B4D9-CAAA916FC693}.Debug|x64.Build.0 = Debug|x64
		{E37A0B70-34EF-4662-B4D9-CAAA916FC693}.Debug|x86.ActiveCfg = Debug|Win32
		{E37A0B70-34EF-4662-B4D9-CAAA916FC693}.Debug|x86.Build.0 = Debug|Win32
		{E37A0B70-34EF-4662-B4D9-CAAA916FC693}.Release|x64.ActiveCfg = Release|x64
		{E37A0B70-34EF-4662-B4D9-CAAA916FC693}.Release|x64.Build.0 = Release|x64
		{E37A0B70-34EF-4662-B4D9-CAAA916FC693}.Release|x86.ActiveCfg = Release|Win32
		{E37A0B70-34EF-4662-B4D9-CAAA916FC693}.Release|x86.Build.0 = Release|Win32
		{1C5FAD09-E760-4D41-A1C6-756CDC36A206}.Debug|x64.ActiveCfg = Debug|x64
		{1C5FAD09-E760-4D41-A1C6-756CDC36A206}.Debug|x64.Build.0 = Debug|x64
		{1C5FAD09-E760-4D41-A1C6-756CDC36A206}.Debug|x86.ActiveCfg = Debug|Win32
		{1C5FAD09-E760-4D41-A1C6-756CDC36A206}.Debug|x86.Build.0 = Debug|Win32
		{1C5FAD09-E760-4D41-A1C6-756CDC36A206}.Release|x64.ActiveCfg = Release|x64
		{1C5FAD09-E760-4D41-A1C6-756CDC36A206}.Release|x64.Build.0 = Release|x64
		{1C5FAD09-E760-4D41-A1C6-756CDC36A206}.Release|x86.ActiveCfg = Release|Win32
		{1C5FAD09-E760-4D41-A1C6-756CDC36A206}.Release|x86.Build.0 = Release|Win32
		{BD849915-2F11-4895-8DA5-BDC38BE604B6}.Debug|x64.ActiveCfg = Debug|x64
		{BD849915-2F11-4895-8DA5-BDC38BE604B6}.Debug|x64.Build.0 = Debug|x64
		{BD849915-2F11-4895-8DA5-BDC38BE604B6}.Debug|x86.ActiveCfg = Debug|Win32
		{BD849915-2F11-4895-8DA5-BDC38BE604B6}.Debug|x86.Build.0 = Debug|Win32
		{BD849915-2F11-4895-8DA5-BDC38BE604B6}.Release|x64.ActiveCfg = Release|x64
		{BD849915-2F11-4895-8DA5-BDC38BE604B6}.Release|x64.Build.0 = Release|x64
		{BD849915-2F11-4895-8DA5-BDC38BE604B6}.Release|x86.ActiveCfg = Release|Win32
		{BD849915-2F11-4895-8DA5-BDC38BE604B6}.Release|x86.Build.0 = Release|Win32
		{B1AA37DA-E15A-4AE0-A75C-7C77E6D9591F}.Debug|x64.ActiveCfg = Debug|x64
		{B1AA37DA-E15A-4AE0-A75C-7C77E6D9591F}.Debug|x64.Build.0 = Debug|x64
		{B1AA37DA-E15A-4AE0-A75C-7C77E6D9591F}.Debug|x86.ActiveCfg = Debug|Win32
		{B1AA37DA-E15A-4AE0-A75C-7C77E6D9591F}.Debug|x86.Build.0 = Debug|Win32
		{B1AA37DA-E15A-4AE0-A75C-7C77E6D9591F}.Release|x64.ActiveCfg = Release|x64
		{B1AA37DA-E15A-4AE0-A75C-7C77E6D9591F}.Release|x64.Build.0 = Release|x64
		{B1AA37DA-E15A-4AE0-A75C-7C77E6D9591F}.Release|x86.ActiveCfg = Release|Win32
		{B1AA37DA-E15A-4AE0-A75C-7C77E6D9591F}.Release|x86.Build.0 = Release|Win32
		{9CC804B0-5952-4AEB-AF69-D0E70AA429DE}.Debug|x64.ActiveCfg = Debug|x64
		{9CC804B0-5952-4AEB-AF69-D0E70AA429DE}.Debug|x64.Build.0 = Debug|x64
		{9CC804B0-5952-4AEB-AF69-D0E70AA429DE}.Debug|x86.ActiveCfg = Debug|Win32
		{9CC804B0-5952-4AEB-AF69-D0E70AA429DE}.Debug|x86.Build.0 = Debug|Win32
		{9CC804B0-5952-4AEB-AF69-D0E70AA429DE}.Release|x64.ActiveCfg = Release|x64
		{9CC804B0-5952-4AEB-AF69-D0E70AA429DE}.Release|x64.Build.0 = Release|x64
		{9CC804B0-5952-4AEB-AF69-D0E70AA429DE}.Release|x86.ActiveCfg = Release|Win32
		{9CC804B0-5952-4AEB-AF69-D0E70AA429DE}.Release|x86.Build.0 = Release|Win32
		{AE3F845F-F4B3-4FEF-97A6-154A6E4D685B}.Debug|x64.ActiveCfg = Debug|x64
		{AE3F845F-F4B3-4FEF-97A6-154A6E4D685B}.Debug|x64.Build.0 = Debug|x64
		{AE3F845F-F4B3-4FEF-97A6-154A6E4D685B}.Debug|x86.ActiveCfg = Debug|Win32
		{AE3F845F-F4B3-4FEF-97A6-154A6E4D685B}.Debug|x86.Build.0 = Debug|Win32
		{AE3F845F-F4B3-4FEF-97A6-154A6E4D685B}.Release|x64.ActiveCfg = Release|x64
		{AE3F845F-F4B3-4FEF-97A6-154A6E4D685B}.Release|x64.Build.0 = Release|x64
		{AE3F845F-F4B3-4FEF-97A6-154A6E4D685B}.Release|x86.ActiveCfg = Release|Win32
		{AE3F845F-F4B3-4FEF-97A6-154A6E4D685B}.Release|x86.Build.0 = Release|Win32
		{24C883C5-DBB0-4541-BD18-D27E76782254}.Debug|x64.ActiveCfg = Debug|x64
		{24C883C5-DBB0-4541-BD18-D27E76782254}.Debug|x64.Build.0 = Debug|x64
		{24C883C5-DBB0-4541-BD18-D27E76782254}.Debug|x86.ActiveCfg = Debug|Win32
		{24C883C5-DBB0-4541-BD18-D27E76782254}.Debug|x86.Build.0 = Debug|Win32
		{24C883C5-DBB0-4541-BD18-D27E76782254}.Release|x64.ActiveCfg = Release|x64
		{24C883C5-DBB0-4541-BD18-D27E76782254}.Release|x64.Build.0 = Release|x64
		{24C883C5-DBB0-4541-BD18-D27E76782254}.Release|x86.ActiveCfg = Release|Win32
		{24C883C5-DBB0-4541-BD18-D27E76782254}.Release|x86.Build.0 = Release|Win32
		{7C2441E6-3EAC-4E75-A4B5-48AD8F5410D5}.Debug|x64.ActiveCfg = Debug|x64
		{7C2441E6-3EAC-4E75-A4B5-48AD8F5410D5}.Debug|x64.Build.0 = Debug|x64
		{7C2441E6-3EAC-4E75-A4B5-48AD8F5410D5}.Debug|x86.ActiveCfg = Debug|Win32
		{7C2441E6-3EAC-4E75-A4B5-48AD8F5410D5}.Debug|x86.Build.0 = Debug|Win32
		{7C2441E6-3EAC-4E75-A4B5-48AD8F5410D5}.Release|x64.ActiveCfg = Release|x64
		{7C2441E6-3EAC-4E75-A4B5-48AD8F5410D5}.Release|x64.Build.0 = Release|x64
		{7C2441E6-3EAC-4E75-A4B5-48AD8F5410D5}.Release|x86.ActiveCfg = Release|Win32
		{7C2441E6-3EAC-4E75-A4B5-48AD8F5410D5}.Release|x86.Build.0 = Release|Win32
		{B2E3256F-70B5-401C-A7B5-A85D24491E04}.Debug|x64.ActiveCfg = Debug|x64
		{B2E3256F-70B5-401C-A7B5-A85D24491E04}.Debug|x64.Build.0 = Debug|x64
		{B2E3256F-70B5-401C-A7B5-A85D24491E04}.Debug|x86.ActiveCfg = Debug|Win32
		{B2E3256F-70B5-401C-A7B5-A85D24491E04}.Debug|x86.Build.0 = Debug|Win32
		{B2E3256F-70B5-401C-A7B5-A85D24491E04}.Release|x64.ActiveCfg = Release|x64
		{B2E3256F-70B5-401C-A7B5-A85D24491E04}.Release|x64.Build.0 = Release|x64
		{B2E3256F-70B5-401C-A7B5-A85D24491E04}.Release|x86.ActiveCfg = Release|Win32
		{B2E3256F-70B5-401C-A7B5-A85D24491E04}.Release|x86.Build.0 = Release|Win32
		{01096BC9-FE0A-42FF-AB54-EB9F558A0107}.Debug|x64.ActiveCfg = Debug|x64
		{01096BC9-FE0A-42FF-AB54-EB9F558A0107}.Debug|x64.Build.0 = Debug|x64
		{01096BC9-FE0A-42FF-AB54-EB9F558A0107}.Debug|x86.ActiveCfg = Debug|Win32
		{01096BC9-FE0A-42FF-AB54-EB9F558A0107}.Debug|x86.Build.0 = Debug|Win32
		{01096BC9-FE0A-42FF-AB54-EB9F558A0107}.Release|x64.ActiveCfg = Release|x64
		{01096BC9-FE0A-42FF-AB54-EB9F558A0107}.Release|x64.Build.0 = Release|x64
		{01096BC9-FE0A-42FF-AB54-EB9F558A0107}.Release|x86.ActiveCfg = Release|Win32
		{01096BC9-FE0A-42FF-AB54-EB9F558A0107}.Release|x86.Build.0 = Release|Win32
		{43FB06B7-367C-4609-85AD-981BB6207BF0}.Debug|x64.ActiveCfg = Debug|x64
		{43FB06B7-367C-4609-85AD-981BB6207BF0}.Debug|x64.Build.0 = Debug|x64
		{43FB06B7-367C-4609-85AD-981BB6207BF0}.Debug|x86.ActiveCfg = Debug|Win32
		{43FB06B7-367C-4609-85AD-981BB6207BF0}.Debug|x86.Build.0 = Debug|Win32
		{43FB06B7-367C-4609-85AD-981BB6207BF0}.Release|x64.ActiveCfg = Release|x64
		{43FB06B7-367C-4609-85AD-981BB6207BF0}.Release|x64.Build.0 = Release|x64
		{43FB06B7-367C-4609-85AD-981BB6207BF0}.Release|x86.ActiveCfg = Release|Win32
		{43FB06B7-367C-4609-85AD-981BB6207BF0}.Release|x86.Build.0 = Release|Win32
		{B53942D3-FBB0-45C5-9D94-91EBB8200056}.Debug|x64.ActiveCfg = Debug|x64
		{B53942D3-FBB0-45C5-9D94-91EBB8200056}.Debug|x64.Build.0 = Debug|x64
		{B53942D3-FBB0-45C5-9D94-91EBB8200056}.Debug|x86.ActiveCfg = Debug|Win32
		{B53942D3-FBB0-45C5-9D94-91EBB8200056}.Debug|x86.Build.0 = Debug|Win32
		{B53942D3-FBB0-45C5-9D94-91EBB8200056}.Release|x64.ActiveCfg = Release|x64
		{B53942D3-FBB0-45C5-9D94-91EBB8200056}.Release|x64.Build.0 = Release|x64
		{B53942D3-FBB0-45C5-9D94-91EBB8200056}.Release|x86.ActiveCfg = Release|Win32
		{B53942D3-FBB0-45C5-9D94-91EBB8200056}.Release|x86.Build.0 = Release|Win32
		{B2F38C00-9C7A-4FF3-B5C0-FDE3636A4BF6}.Debug|x64.ActiveCfg = Debug|x64
		{B2F38C00-9C7A-4FF3-B5C0-FDE3636A4BF6}.Debug|x64.Build.0 = Debug|x64
		{B2F38C00-9C7A-4FF3-B5C0-FDE3636A4BF6}.Debug|x86.ActiveCfg = Debug|Win32
		{B2F38C00-9C7A-4FF3-B5C0-FDE3636A4BF6}.Debug|x86.Build.0 = Debug|Win32
		{B2F38C00-9C7A-4FF3-B5C0-FDE3636A4BF6}.Release|x64.ActiveCfg = Release|x64
		{B2F38C00-9C7A-4FF3-B5C0-FDE3636A4BF6}.Release|x64.Build.0 = Release|x64
		{B2F38C00-9C7A-4FF3-B5C0-FDE3636A4BF6}.Release|x86.ActiveCfg = Release|Win32
		{B2F38C00-9C7A-4FF3-B5C0-FDE3636A4BF6}.Release|x86.Build.0 = Release|Win32
		{2C8AF3D5-DDEA-4178-A17F-13CF750E5773}.Debug|x64.ActiveCfg = Debug|x64
		{2C8AF3D5-DDEA-4178-A17F-13CF750E5773}.Debug|x64.Build.0 = Debug|x64
		{2C8AF3D5-DDEA-4178-A17F-13CF750E5773}.Debug|x86.ActiveCfg = Debug|Win32
		{2C8AF3D5-DDEA-4178-A17F-13CF750E5773}.Debug|x86.Build.0 = Debug|Win32
		{2C8AF3D5-DDEA-4178-A17F-13CF750E5773}.Release|x64.ActiveCfg = Release|x64
		{2C8AF3D5-DDEA-4178-A17F-13CF750E5773}.Release|x64.Build.0 = Release|x64
		{2C8AF3D5-DDEA-4178-A17F-13CF750E5773}.Release|x86.ActiveCfg = Release|Win32
		{2C8AF3D5-DDEA-4178-A17F-13CF750E5773}.Release|x86.Build.0 = Release|Win32
		{0B470D29-E1C3-4D82-A8BB-6B2024AD085F}.Debug|x64.ActiveCfg = Debug|x64
		{0B470D29-E1C3-4D82-A8BB-6B2024AD085F}.Debug|x64.Build.0 = Debug|x64
		{0B470D29-E1C3-4D82-A8BB-6B2024AD085F}.Debug|x86.ActiveCfg = Debug|Win32
		{0B470D29-E1C3-4D82-A8BB-6B2024AD085F}.Debug|x86.Build.0 = Debug|Win32
		{0B470D29-E1C3-4D82-A8BB-6B2024AD085F}.Release|x64.ActiveCfg = Release|x64
		{0B470D29-E1C3-4D82-A8BB-6B2024AD085F}.Release|x64.Build.0 = Release|x64
		{0B470D29-E1C3-4D82-A8BB-6B2024AD085F}.Release|x86.ActiveCfg = Release|Win32
		{0B470D29-E1C3-4D82-A8BB-6B2024AD085F}.Release|x86.Build.0 = Release|Win32
		{FC1425FD-D137-4AF1-AA27-363E1D298205}.Debug|x64.ActiveCfg = Debug|x64
		{FC1425FD-D137-4AF1-AA27-363E1D298205}.Debug|x64.Build.0 = Debug|x64
		{FC1425FD-D137-4AF1-AA27-363E1D298205}.Debug|x86.ActiveCfg = Debug|Win32
		{FC1425FD-D137-4AF1-AA27-363E1D298205}.Debug|x86.Build.0 = Debug|Win32
		{FC1425FD-D137-4AF1-AA27-363E1D298205}.Release|x64.ActiveCfg = Release|x64
		{FC1425FD-D137-4AF1-AA27-363E1D298205}.Release|x64.Build.0 = Release|x64
		{FC1425FD-D137-4AF1-AA27-363E1D298205}.Release|x86.ActiveCfg = Release|Win32
		{FC1425FD-D137-4AF1-AA27-363E1D298205}.Release|x86.Build.0 = Release|Win32
		{46EC1B36-6E1E-4573-86EC-FBE08902E034}.Debug|x64.ActiveCfg = Debug|x64
		{46EC1B36-6E1E-4573-86EC-FBE08902E034}.Debug|x64.Build.0 = Debug|x64
		{46EC1B36-6E1E-4573-86EC-FBE08902E034}.Debug|x86.ActiveCfg = Debug|Win32
		{46EC1B36-6E1E-4573-86EC-FBE08902E034}.Debug|x86.Build.0 = Debug|Win32
		{46EC1B36-6E1E-4573-86EC-FBE08902E034}.Release|x64.ActiveCfg = Release|x64
		{46EC1B36-6E1E-4573-86EC-FBE08902E034}.Release|x64.Build.0 = Release|x64
		{46EC1B36-6E1E-4573-86EC-FBE08902E034}.Release|x86.ActiveCfg = Release|Win32
		{46EC1B36-6E1E-4573-86EC-FBE08902E034}.Release|x86.Build.0 = Release|Win32
		{B1D39551-F779-468E-B15F-0E62AA457800}.Debug|x64.ActiveCfg = Debug|x64
		{B1D39551-F779-468E-B15F-0E62AA457800}.Debug|x64.Build.0 = Debug|x64
		{B1D39551-F779-468E-B15F-0E62AA457800}.Debug|x86.ActiveCfg = Debug|Win32
		{B1D39551-F779-468E-B15F-0E62AA457800}.Debug|x86.Build.0 = Debug|Win32
		{B1D39551-F779-468E-B15F-0E62AA457800}.Release|x64.ActiveCfg = Release|x64
		{B1D39551-F779-468E-B15F-0E62AA457800}.Release|x64.Build.0 = Release|x64
		{B1D39551-F779-468E-B15F-0E62AA457800}.Release|x86.ActiveCfg = Release|Win32
		{B1D39551-F779-468E-B15F-0E62AA457800}.Release|x86.Build.0 = Release|Win32
	EndGlobalSection
	GlobalSection(SolutionProperties) = preSolution
		HideSolutionNode = FALSE
	EndGlobalSection
	GlobalSection(ExtensibilityGlobals) = postSolution
		SolutionGuid = {9E9A23F6-ABA9-4646-AC0B-8E3D813CD2E0}
	EndGlobalSection
EndGlobal
